// !$*UTF8*$!
{
	archiveVersion = 1;
	classes = {
	};
	objectVersion = 46;
	objects = {

/* Begin PBXBuildFile section */
		BA4F6511DCAE2D59278C8069 /* Pods_Savanna_iOS.framework in Frameworks */ = {isa = PBXBuildFile; fileRef = 5A629A0D46520858F4F38CAF /* Pods_Savanna_iOS.framework */; };
		BE1D89EB203CAA0C000A278C /* Cub.framework in Frameworks */ = {isa = PBXBuildFile; fileRef = BE1D89EA203CAA0C000A278C /* Cub.framework */; };
		BE1D89EC203CAA0C000A278C /* Cub.framework in Embed Frameworks */ = {isa = PBXBuildFile; fileRef = BE1D89EA203CAA0C000A278C /* Cub.framework */; settings = {ATTRIBUTES = (CodeSignOnCopy, RemoveHeadersOnCopy, ); }; };
		BE1D89EE203CAA0C000A278C /* Lioness.framework in Frameworks */ = {isa = PBXBuildFile; fileRef = BE1D89ED203CAA0C000A278C /* Lioness.framework */; };
		BE1D89EF203CAA0C000A278C /* Lioness.framework in Embed Frameworks */ = {isa = PBXBuildFile; fileRef = BE1D89ED203CAA0C000A278C /* Lioness.framework */; settings = {ATTRIBUTES = (CodeSignOnCopy, RemoveHeadersOnCopy, ); }; };
		BE1D89F0203CAA0C000A278C /* SavannaKit.framework in Frameworks */ = {isa = PBXBuildFile; fileRef = BE9D86A21F0C51BB00AD2A0E /* SavannaKit.framework */; };
		BE1D89F1203CAA0C000A278C /* SavannaKit.framework in Embed Frameworks */ = {isa = PBXBuildFile; fileRef = BE9D86A21F0C51BB00AD2A0E /* SavannaKit.framework */; settings = {ATTRIBUTES = (CodeSignOnCopy, RemoveHeadersOnCopy, ); }; };
		BE3DDAEE203A0A9A00D5CB10 /* cub-64.png in Resources */ = {isa = PBXBuildFile; fileRef = BE3DDAED203A0A9A00D5CB10 /* cub-64.png */; };
		BE4280352038BD7800C8FE24 /* SavannaKit.framework in Frameworks */ = {isa = PBXBuildFile; fileRef = BE4280342038BD7800C8FE24 /* SavannaKit.framework */; };
		BE4280362038BD7800C8FE24 /* SavannaKit.framework in Embed Frameworks */ = {isa = PBXBuildFile; fileRef = BE4280342038BD7800C8FE24 /* SavannaKit.framework */; settings = {ATTRIBUTES = (CodeSignOnCopy, RemoveHeadersOnCopy, ); }; };
		BE42805A2038C78D00C8FE24 /* DocumentBrowserViewController.swift in Sources */ = {isa = PBXBuildFile; fileRef = BE4280482038C73900C8FE24 /* DocumentBrowserViewController.swift */; };
		BE42805C2038C78D00C8FE24 /* Document.swift in Sources */ = {isa = PBXBuildFile; fileRef = BE42804C2038C73900C8FE24 /* Document.swift */; };
		BE51FC4A20508204009AE5D9 /* DocumentViewController+AutoComplete.swift in Sources */ = {isa = PBXBuildFile; fileRef = BE51FC4920508204009AE5D9 /* DocumentViewController+AutoComplete.swift */; };
		BE51FC4C205082A0009AE5D9 /* Cub+SavannaKit.swift in Sources */ = {isa = PBXBuildFile; fileRef = BE51FC4B205082A0009AE5D9 /* Cub+SavannaKit.swift */; };
		BE51FC4E20508351009AE5D9 /* Cub+SavannaKit.swift in Sources */ = {isa = PBXBuildFile; fileRef = BE51FC4B205082A0009AE5D9 /* Cub+SavannaKit.swift */; };
		BE7767D320420A5E009E5B63 /* cub-file.icns in Resources */ = {isa = PBXBuildFile; fileRef = BE7767D220420A5E009E5B63 /* cub-file.icns */; };
		BE7767D5204342D1009E5B63 /* MainWindow.swift in Sources */ = {isa = PBXBuildFile; fileRef = BE7767D4204342D1009E5B63 /* MainWindow.swift */; };
		BE7767D7204342DC009E5B63 /* MainWindowController.swift in Sources */ = {isa = PBXBuildFile; fileRef = BE7767D6204342DC009E5B63 /* MainWindowController.swift */; };
		BE8474961EF6E9880038FBA3 /* Lioness.framework in Frameworks */ = {isa = PBXBuildFile; fileRef = BE8474951EF6E9880038FBA3 /* Lioness.framework */; };
		BE8474971EF6E9880038FBA3 /* Lioness.framework in Embed Frameworks */ = {isa = PBXBuildFile; fileRef = BE8474951EF6E9880038FBA3 /* Lioness.framework */; settings = {ATTRIBUTES = (CodeSignOnCopy, RemoveHeadersOnCopy, ); }; };
		BE99F62D1F080F1A0076CDEF /* AppDelegate.swift in Sources */ = {isa = PBXBuildFile; fileRef = BE99F6251F080F1A0076CDEF /* AppDelegate.swift */; };
		BE99F62E1F080F1A0076CDEF /* Assets.xcassets in Resources */ = {isa = PBXBuildFile; fileRef = BE99F6261F080F1A0076CDEF /* Assets.xcassets */; };
		BE99F62F1F080F1A0076CDEF /* LaunchScreen.storyboard in Resources */ = {isa = PBXBuildFile; fileRef = BE99F6271F080F1A0076CDEF /* LaunchScreen.storyboard */; };
		BE99F6301F080F1A0076CDEF /* Main.storyboard in Resources */ = {isa = PBXBuildFile; fileRef = BE99F6291F080F1A0076CDEF /* Main.storyboard */; };
		BE99F6321F080F1A0076CDEF /* DocumentViewController.swift in Sources */ = {isa = PBXBuildFile; fileRef = BE99F62C1F080F1A0076CDEF /* DocumentViewController.swift */; };
		BE99F63F1F080F230076CDEF /* AppDelegate.swift in Sources */ = {isa = PBXBuildFile; fileRef = BE99F6341F080F230076CDEF /* AppDelegate.swift */; };
		BE99F6401F080F230076CDEF /* Assets.xcassets in Resources */ = {isa = PBXBuildFile; fileRef = BE99F6351F080F230076CDEF /* Assets.xcassets */; };
		BE99F6411F080F230076CDEF /* ASTImageViewController.swift in Sources */ = {isa = PBXBuildFile; fileRef = BE99F6361F080F230076CDEF /* ASTImageViewController.swift */; };
		BE99F6421F080F230076CDEF /* Main.storyboard in Resources */ = {isa = PBXBuildFile; fileRef = BE99F6371F080F230076CDEF /* Main.storyboard */; };
		BE99F6431F080F230076CDEF /* Document.swift in Sources */ = {isa = PBXBuildFile; fileRef = BE99F6391F080F230076CDEF /* Document.swift */; };
		BE99F6461F080F230076CDEF /* logo-1024.png in Resources */ = {isa = PBXBuildFile; fileRef = BE99F63D1F080F230076CDEF /* logo-1024.png */; };
		BE99F6471F080F230076CDEF /* ViewController.swift in Sources */ = {isa = PBXBuildFile; fileRef = BE99F63E1F080F230076CDEF /* ViewController.swift */; };
		BEA286BC20279798005E1B5C /* Cub.framework in Frameworks */ = {isa = PBXBuildFile; fileRef = BEA286BB20279798005E1B5C /* Cub.framework */; };
		BEA286BD20279798005E1B5C /* Cub.framework in Embed Frameworks */ = {isa = PBXBuildFile; fileRef = BEA286BB20279798005E1B5C /* Cub.framework */; settings = {ATTRIBUTES = (CodeSignOnCopy, RemoveHeadersOnCopy, ); }; };
		BECE40F82038D45D004889F0 /* DocumentManager.swift in Sources */ = {isa = PBXBuildFile; fileRef = BECE40F72038D45D004889F0 /* DocumentManager.swift */; };
		BECE40FC2038DBDB004889F0 /* UIViewController+Alerts.swift in Sources */ = {isa = PBXBuildFile; fileRef = BECE40FB2038DBDB004889F0 /* UIViewController+Alerts.swift */; };
		BECE41062038DD58004889F0 /* UIColor+Named.swift in Sources */ = {isa = PBXBuildFile; fileRef = BECE41052038DD58004889F0 /* UIColor+Named.swift */; };
		BECE4108203A064E004889F0 /* cub-320.png in Resources */ = {isa = PBXBuildFile; fileRef = BECE4107203A064D004889F0 /* cub-320.png */; };
		BED21A161F1C14200071869A /* ProgressToolbarItem.swift in Sources */ = {isa = PBXBuildFile; fileRef = BED21A151F1C14200071869A /* ProgressToolbarItem.swift */; };
		F92B6BF3081E94D120708264 /* Pods_Savanna_macOS.framework in Frameworks */ = {isa = PBXBuildFile; fileRef = 7BABE94BD868F87BF3F92D77 /* Pods_Savanna_macOS.framework */; };
/* End PBXBuildFile section */

/* Begin PBXCopyFilesBuildPhase section */
		BE1D89F2203CAA0C000A278C /* Embed Frameworks */ = {
			isa = PBXCopyFilesBuildPhase;
			buildActionMask = 2147483647;
			dstPath = "";
			dstSubfolderSpec = 10;
			files = (
				BE1D89F1203CAA0C000A278C /* SavannaKit.framework in Embed Frameworks */,
				BE1D89EF203CAA0C000A278C /* Lioness.framework in Embed Frameworks */,
				BE1D89EC203CAA0C000A278C /* Cub.framework in Embed Frameworks */,
			);
			name = "Embed Frameworks";
			runOnlyForDeploymentPostprocessing = 0;
		};
		BE8474981EF6E9890038FBA3 /* Embed Frameworks */ = {
			isa = PBXCopyFilesBuildPhase;
			buildActionMask = 2147483647;
			dstPath = "";
			dstSubfolderSpec = 10;
			files = (
				BE4280362038BD7800C8FE24 /* SavannaKit.framework in Embed Frameworks */,
				BE8474971EF6E9880038FBA3 /* Lioness.framework in Embed Frameworks */,
				BEA286BD20279798005E1B5C /* Cub.framework in Embed Frameworks */,
			);
			name = "Embed Frameworks";
			runOnlyForDeploymentPostprocessing = 0;
		};
/* End PBXCopyFilesBuildPhase section */

/* Begin PBXFileReference section */
		4762524460F08E4B9405DF15 /* Pods-Savanna iOS.debug.xcconfig */ = {isa = PBXFileReference; includeInIndex = 1; lastKnownFileType = text.xcconfig; name = "Pods-Savanna iOS.debug.xcconfig"; path = "Pods/Target Support Files/Pods-Savanna iOS/Pods-Savanna iOS.debug.xcconfig"; sourceTree = "<group>"; };
		5A629A0D46520858F4F38CAF /* Pods_Savanna_iOS.framework */ = {isa = PBXFileReference; explicitFileType = wrapper.framework; includeInIndex = 0; path = Pods_Savanna_iOS.framework; sourceTree = BUILT_PRODUCTS_DIR; };
		6E6EBB6E95B17202FFF19FF4 /* Pods-Savanna iOS.release.xcconfig */ = {isa = PBXFileReference; includeInIndex = 1; lastKnownFileType = text.xcconfig; name = "Pods-Savanna iOS.release.xcconfig"; path = "Pods/Target Support Files/Pods-Savanna iOS/Pods-Savanna iOS.release.xcconfig"; sourceTree = "<group>"; };
		7BABE94BD868F87BF3F92D77 /* Pods_Savanna_macOS.framework */ = {isa = PBXFileReference; explicitFileType = wrapper.framework; includeInIndex = 0; path = Pods_Savanna_macOS.framework; sourceTree = BUILT_PRODUCTS_DIR; };
		7F683788DB7A74172DACF47E /* Pods-Savanna macOS.debug.xcconfig */ = {isa = PBXFileReference; includeInIndex = 1; lastKnownFileType = text.xcconfig; name = "Pods-Savanna macOS.debug.xcconfig"; path = "Pods/Target Support Files/Pods-Savanna macOS/Pods-Savanna macOS.debug.xcconfig"; sourceTree = "<group>"; };
		A1EC99A5848A842B89427CB0 /* Pods-Savanna macOS.release.xcconfig */ = {isa = PBXFileReference; includeInIndex = 1; lastKnownFileType = text.xcconfig; name = "Pods-Savanna macOS.release.xcconfig"; path = "Pods/Target Support Files/Pods-Savanna macOS/Pods-Savanna macOS.release.xcconfig"; sourceTree = "<group>"; };
		BE1D89E7203C9A05000A278C /* Lioness.framework */ = {isa = PBXFileReference; explicitFileType = wrapper.framework; path = Lioness.framework; sourceTree = BUILT_PRODUCTS_DIR; };
		BE1D89E9203C9A24000A278C /* Cub.framework */ = {isa = PBXFileReference; explicitFileType = wrapper.framework; path = Cub.framework; sourceTree = BUILT_PRODUCTS_DIR; };
		BE1D89EA203CAA0C000A278C /* Cub.framework */ = {isa = PBXFileReference; explicitFileType = wrapper.framework; path = Cub.framework; sourceTree = BUILT_PRODUCTS_DIR; };
		BE1D89ED203CAA0C000A278C /* Lioness.framework */ = {isa = PBXFileReference; explicitFileType = wrapper.framework; path = Lioness.framework; sourceTree = BUILT_PRODUCTS_DIR; };
		BE26D8C71DCFD6CC004935D8 /* Savanna.app */ = {isa = PBXFileReference; explicitFileType = wrapper.application; includeInIndex = 0; path = Savanna.app; sourceTree = BUILT_PRODUCTS_DIR; };
		BE3DDAED203A0A9A00D5CB10 /* cub-64.png */ = {isa = PBXFileReference; lastKnownFileType = image.png; path = "cub-64.png"; sourceTree = "<group>"; };
		BE4280342038BD7800C8FE24 /* SavannaKit.framework */ = {isa = PBXFileReference; explicitFileType = wrapper.framework; path = SavannaKit.framework; sourceTree = BUILT_PRODUCTS_DIR; };
		BE4280482038C73900C8FE24 /* DocumentBrowserViewController.swift */ = {isa = PBXFileReference; lastKnownFileType = sourcecode.swift; path = DocumentBrowserViewController.swift; sourceTree = "<group>"; };
		BE42804C2038C73900C8FE24 /* Document.swift */ = {isa = PBXFileReference; lastKnownFileType = sourcecode.swift; path = Document.swift; sourceTree = "<group>"; };
		BE51FC4920508204009AE5D9 /* DocumentViewController+AutoComplete.swift */ = {isa = PBXFileReference; lastKnownFileType = sourcecode.swift; path = "DocumentViewController+AutoComplete.swift"; sourceTree = "<group>"; };
		BE51FC4B205082A0009AE5D9 /* Cub+SavannaKit.swift */ = {isa = PBXFileReference; lastKnownFileType = sourcecode.swift; path = "Cub+SavannaKit.swift"; sourceTree = "<group>"; };
		BE58C1A81E16DA5B00BC73CA /* Savanna.app */ = {isa = PBXFileReference; explicitFileType = wrapper.application; includeInIndex = 0; path = Savanna.app; sourceTree = BUILT_PRODUCTS_DIR; };
		BE7767D220420A5E009E5B63 /* cub-file.icns */ = {isa = PBXFileReference; lastKnownFileType = image.icns; path = "cub-file.icns"; sourceTree = "<group>"; };
		BE7767D4204342D1009E5B63 /* MainWindow.swift */ = {isa = PBXFileReference; lastKnownFileType = sourcecode.swift; path = MainWindow.swift; sourceTree = "<group>"; };
		BE7767D6204342DC009E5B63 /* MainWindowController.swift */ = {isa = PBXFileReference; lastKnownFileType = sourcecode.swift; path = MainWindowController.swift; sourceTree = "<group>"; };
		BE8474951EF6E9880038FBA3 /* Lioness.framework */ = {isa = PBXFileReference; explicitFileType = wrapper.framework; path = Lioness.framework; sourceTree = BUILT_PRODUCTS_DIR; };
		BE99F60B1F0808FB0076CDEF /* SavannaKit.framework */ = {isa = PBXFileReference; lastKnownFileType = wrapper.framework; name = SavannaKit.framework; path = "../../../Library/Developer/Xcode/DerivedData/Jungle-bdoqzgzvhyamnubmatkhgjgnslpo/Build/Products/Debug/SavannaKit.framework"; sourceTree = "<group>"; };
		BE99F60D1F0809D00076CDEF /* SavannaKit.framework */ = {isa = PBXFileReference; lastKnownFileType = wrapper.framework; name = SavannaKit.framework; path = "../SavannaKit/build/Debug-iphoneos/SavannaKit.framework"; sourceTree = "<group>"; };
		BE99F6251F080F1A0076CDEF /* AppDelegate.swift */ = {isa = PBXFileReference; fileEncoding = 4; lastKnownFileType = sourcecode.swift; path = AppDelegate.swift; sourceTree = "<group>"; };
		BE99F6261F080F1A0076CDEF /* Assets.xcassets */ = {isa = PBXFileReference; lastKnownFileType = folder.assetcatalog; path = Assets.xcassets; sourceTree = "<group>"; };
		BE99F6281F080F1A0076CDEF /* Base */ = {isa = PBXFileReference; lastKnownFileType = file.storyboard; name = Base; path = Base.lproj/LaunchScreen.storyboard; sourceTree = "<group>"; };
		BE99F62A1F080F1A0076CDEF /* Base */ = {isa = PBXFileReference; lastKnownFileType = file.storyboard; name = Base; path = Base.lproj/Main.storyboard; sourceTree = "<group>"; };
		BE99F62B1F080F1A0076CDEF /* Info.plist */ = {isa = PBXFileReference; fileEncoding = 4; lastKnownFileType = text.plist.xml; path = Info.plist; sourceTree = "<group>"; };
		BE99F62C1F080F1A0076CDEF /* DocumentViewController.swift */ = {isa = PBXFileReference; fileEncoding = 4; lastKnownFileType = sourcecode.swift; path = DocumentViewController.swift; sourceTree = "<group>"; };
		BE99F6341F080F230076CDEF /* AppDelegate.swift */ = {isa = PBXFileReference; fileEncoding = 4; lastKnownFileType = sourcecode.swift; path = AppDelegate.swift; sourceTree = "<group>"; };
		BE99F6351F080F230076CDEF /* Assets.xcassets */ = {isa = PBXFileReference; lastKnownFileType = folder.assetcatalog; path = Assets.xcassets; sourceTree = "<group>"; };
		BE99F6361F080F230076CDEF /* ASTImageViewController.swift */ = {isa = PBXFileReference; fileEncoding = 4; lastKnownFileType = sourcecode.swift; path = ASTImageViewController.swift; sourceTree = "<group>"; };
		BE99F6381F080F230076CDEF /* Base */ = {isa = PBXFileReference; lastKnownFileType = file.storyboard; name = Base; path = Base.lproj/Main.storyboard; sourceTree = "<group>"; };
		BE99F6391F080F230076CDEF /* Document.swift */ = {isa = PBXFileReference; fileEncoding = 4; lastKnownFileType = sourcecode.swift; path = Document.swift; sourceTree = "<group>"; };
		BE99F63B1F080F230076CDEF /* Info.plist */ = {isa = PBXFileReference; fileEncoding = 4; lastKnownFileType = text.plist.xml; path = Info.plist; sourceTree = "<group>"; };
		BE99F63D1F080F230076CDEF /* logo-1024.png */ = {isa = PBXFileReference; lastKnownFileType = image.png; path = "logo-1024.png"; sourceTree = "<group>"; };
		BE99F63E1F080F230076CDEF /* ViewController.swift */ = {isa = PBXFileReference; fileEncoding = 4; lastKnownFileType = sourcecode.swift; path = ViewController.swift; sourceTree = "<group>"; };
		BE99F6491F08189E0076CDEF /* Savanna.entitlements */ = {isa = PBXFileReference; fileEncoding = 4; lastKnownFileType = text.plist.entitlements; path = Savanna.entitlements; sourceTree = "<group>"; };
		BE9D86A21F0C51BB00AD2A0E /* SavannaKit.framework */ = {isa = PBXFileReference; explicitFileType = wrapper.framework; path = SavannaKit.framework; sourceTree = BUILT_PRODUCTS_DIR; };
		BEA286BB20279798005E1B5C /* Cub.framework */ = {isa = PBXFileReference; explicitFileType = wrapper.framework; path = Cub.framework; sourceTree = BUILT_PRODUCTS_DIR; };
		BECE40F72038D45D004889F0 /* DocumentManager.swift */ = {isa = PBXFileReference; fileEncoding = 4; lastKnownFileType = sourcecode.swift; path = DocumentManager.swift; sourceTree = "<group>"; };
		BECE40FB2038DBDB004889F0 /* UIViewController+Alerts.swift */ = {isa = PBXFileReference; lastKnownFileType = sourcecode.swift; path = "UIViewController+Alerts.swift"; sourceTree = "<group>"; };
		BECE41052038DD58004889F0 /* UIColor+Named.swift */ = {isa = PBXFileReference; lastKnownFileType = sourcecode.swift; path = "UIColor+Named.swift"; sourceTree = "<group>"; };
		BECE4107203A064D004889F0 /* cub-320.png */ = {isa = PBXFileReference; lastKnownFileType = image.png; path = "cub-320.png"; sourceTree = "<group>"; };
		BED21A151F1C14200071869A /* ProgressToolbarItem.swift */ = {isa = PBXFileReference; fileEncoding = 4; lastKnownFileType = sourcecode.swift; path = ProgressToolbarItem.swift; sourceTree = "<group>"; };
/* End PBXFileReference section */

/* Begin PBXFrameworksBuildPhase section */
		BE26D8C41DCFD6CC004935D8 /* Frameworks */ = {
			isa = PBXFrameworksBuildPhase;
			buildActionMask = 2147483647;
			files = (
				BE1D89F0203CAA0C000A278C /* SavannaKit.framework in Frameworks */,
				BE1D89EE203CAA0C000A278C /* Lioness.framework in Frameworks */,
				BE1D89EB203CAA0C000A278C /* Cub.framework in Frameworks */,
				F92B6BF3081E94D120708264 /* Pods_Savanna_macOS.framework in Frameworks */,
			);
			runOnlyForDeploymentPostprocessing = 0;
		};
		BE58C1A51E16DA5B00BC73CA /* Frameworks */ = {
			isa = PBXFrameworksBuildPhase;
			buildActionMask = 2147483647;
			files = (
				BE4280352038BD7800C8FE24 /* SavannaKit.framework in Frameworks */,
				BE8474961EF6E9880038FBA3 /* Lioness.framework in Frameworks */,
				BEA286BC20279798005E1B5C /* Cub.framework in Frameworks */,
				BA4F6511DCAE2D59278C8069 /* Pods_Savanna_iOS.framework in Frameworks */,
			);
			runOnlyForDeploymentPostprocessing = 0;
		};
/* End PBXFrameworksBuildPhase section */

/* Begin PBXGroup section */
		35F1D04958A5CD2DE1BFCBA2 /* Pods */ = {
			isa = PBXGroup;
			children = (
				4762524460F08E4B9405DF15 /* Pods-Savanna iOS.debug.xcconfig */,
				6E6EBB6E95B17202FFF19FF4 /* Pods-Savanna iOS.release.xcconfig */,
				7F683788DB7A74172DACF47E /* Pods-Savanna macOS.debug.xcconfig */,
				A1EC99A5848A842B89427CB0 /* Pods-Savanna macOS.release.xcconfig */,
			);
			name = Pods;
			sourceTree = "<group>";
		};
		BE26D8BE1DCFD6CC004935D8 = {
			isa = PBXGroup;
			children = (
				BE1D89ED203CAA0C000A278C /* Lioness.framework */,
				BE1D89EA203CAA0C000A278C /* Cub.framework */,
				BE4280342038BD7800C8FE24 /* SavannaKit.framework */,
				BEA286BB20279798005E1B5C /* Cub.framework */,
				BE9D86A21F0C51BB00AD2A0E /* SavannaKit.framework */,
				BE8474951EF6E9880038FBA3 /* Lioness.framework */,
				BE51FC4D20508349009AE5D9 /* Shared */,
				BE99F6241F080F1A0076CDEF /* Savanna iOS */,
				BE99F6331F080F230076CDEF /* Savanna macOS */,
				BE26D8C81DCFD6CC004935D8 /* Products */,
				BE99F60A1F0808FB0076CDEF /* Frameworks */,
				35F1D04958A5CD2DE1BFCBA2 /* Pods */,
			);
			sourceTree = "<group>";
		};
		BE26D8C81DCFD6CC004935D8 /* Products */ = {
			isa = PBXGroup;
			children = (
				BE26D8C71DCFD6CC004935D8 /* Savanna.app */,
				BE58C1A81E16DA5B00BC73CA /* Savanna.app */,
			);
			name = Products;
			sourceTree = "<group>";
		};
		BE51FC4D20508349009AE5D9 /* Shared */ = {
			isa = PBXGroup;
			children = (
				BE51FC4B205082A0009AE5D9 /* Cub+SavannaKit.swift */,
			);
			path = Shared;
			sourceTree = "<group>";
		};
		BE99F60A1F0808FB0076CDEF /* Frameworks */ = {
			isa = PBXGroup;
			children = (
				BE1D89E9203C9A24000A278C /* Cub.framework */,
				BE1D89E7203C9A05000A278C /* Lioness.framework */,
				BE99F60D1F0809D00076CDEF /* SavannaKit.framework */,
				BE99F60B1F0808FB0076CDEF /* SavannaKit.framework */,
				5A629A0D46520858F4F38CAF /* Pods_Savanna_iOS.framework */,
				7BABE94BD868F87BF3F92D77 /* Pods_Savanna_macOS.framework */,
			);
			name = Frameworks;
			sourceTree = "<group>";
		};
		BE99F6241F080F1A0076CDEF /* Savanna iOS */ = {
			isa = PBXGroup;
			children = (
				BECE40FF2038DC48004889F0 /* Util */,
				BECE40FE2038DC41004889F0 /* Controller */,
				BECE40FD2038DC3C004889F0 /* Model */,
				BE99F6251F080F1A0076CDEF /* AppDelegate.swift */,
				BE99F6261F080F1A0076CDEF /* Assets.xcassets */,
				BECE4107203A064D004889F0 /* cub-320.png */,
				BE3DDAED203A0A9A00D5CB10 /* cub-64.png */,
				BE99F6271F080F1A0076CDEF /* LaunchScreen.storyboard */,
				BE99F6291F080F1A0076CDEF /* Main.storyboard */,
				BE99F62B1F080F1A0076CDEF /* Info.plist */,
			);
			path = "Savanna iOS";
			sourceTree = "<group>";
		};
		BE99F6331F080F230076CDEF /* Savanna macOS */ = {
			isa = PBXGroup;
			children = (
				BE99F6491F08189E0076CDEF /* Savanna.entitlements */,
				BE99F6341F080F230076CDEF /* AppDelegate.swift */,
				BE99F6351F080F230076CDEF /* Assets.xcassets */,
				BE99F6361F080F230076CDEF /* ASTImageViewController.swift */,
				BE99F6371F080F230076CDEF /* Main.storyboard */,
				BE99F6391F080F230076CDEF /* Document.swift */,
				BE7767D220420A5E009E5B63 /* cub-file.icns */,
				BE99F63B1F080F230076CDEF /* Info.plist */,
				BE99F63D1F080F230076CDEF /* logo-1024.png */,
				BE99F63E1F080F230076CDEF /* ViewController.swift */,
				BED21A151F1C14200071869A /* ProgressToolbarItem.swift */,
				BE7767D4204342D1009E5B63 /* MainWindow.swift */,
				BE7767D6204342DC009E5B63 /* MainWindowController.swift */,
			);
			path = "Savanna macOS";
			sourceTree = "<group>";
		};
		BECE40FD2038DC3C004889F0 /* Model */ = {
			isa = PBXGroup;
			children = (
				BE42804C2038C73900C8FE24 /* Document.swift */,
			);
			path = Model;
			sourceTree = "<group>";
		};
		BECE40FE2038DC41004889F0 /* Controller */ = {
			isa = PBXGroup;
			children = (
				BE4280482038C73900C8FE24 /* DocumentBrowserViewController.swift */,
				BE99F62C1F080F1A0076CDEF /* DocumentViewController.swift */,
				BE51FC4920508204009AE5D9 /* DocumentViewController+AutoComplete.swift */,
			);
			path = Controller;
			sourceTree = "<group>";
		};
		BECE40FF2038DC48004889F0 /* Util */ = {
			isa = PBXGroup;
			children = (
				BECE40F72038D45D004889F0 /* DocumentManager.swift */,
				BECE40FB2038DBDB004889F0 /* UIViewController+Alerts.swift */,
				BECE41052038DD58004889F0 /* UIColor+Named.swift */,
			);
			path = Util;
			sourceTree = "<group>";
		};
/* End PBXGroup section */

/* Begin PBXNativeTarget section */
		BE26D8C61DCFD6CC004935D8 /* Savanna macOS */ = {
			isa = PBXNativeTarget;
			buildConfigurationList = BE26D8D81DCFD6CC004935D8 /* Build configuration list for PBXNativeTarget "Savanna macOS" */;
			buildPhases = (
				C916AD0CC6AB2104AB3E28B4 /* [CP] Check Pods Manifest.lock */,
				BE26D8C31DCFD6CC004935D8 /* Sources */,
				BE26D8C41DCFD6CC004935D8 /* Frameworks */,
				BE26D8C51DCFD6CC004935D8 /* Resources */,
				BE1D89F2203CAA0C000A278C /* Embed Frameworks */,
				C506699857A4F49822A5A527 /* [CP] Embed Pods Frameworks */,
				6AE593EAFB6DD15BBB54F9A9 /* [CP] Copy Pods Resources */,
			);
			buildRules = (
			);
			dependencies = (
			);
			name = "Savanna macOS";
			productName = "Lioness Jungle";
			productReference = BE26D8C71DCFD6CC004935D8 /* Savanna.app */;
			productType = "com.apple.product-type.application";
		};
		BE58C1A71E16DA5B00BC73CA /* Savanna iOS */ = {
			isa = PBXNativeTarget;
			buildConfigurationList = BE58C1B91E16DA5B00BC73CA /* Build configuration list for PBXNativeTarget "Savanna iOS" */;
			buildPhases = (
				3D34D067BB5FB12232B3D2FA /* [CP] Check Pods Manifest.lock */,
				BE58C1A41E16DA5B00BC73CA /* Sources */,
				BE58C1A51E16DA5B00BC73CA /* Frameworks */,
				BE58C1A61E16DA5B00BC73CA /* Resources */,
				BE8474981EF6E9890038FBA3 /* Embed Frameworks */,
				8D81FD93572F66094145EBA8 /* [CP] Embed Pods Frameworks */,
				DE9503E7E088B7AD22798625 /* [CP] Copy Pods Resources */,
			);
			buildRules = (
			);
			dependencies = (
			);
			name = "Savanna iOS";
			productName = "Jungle iOS";
			productReference = BE58C1A81E16DA5B00BC73CA /* Savanna.app */;
			productType = "com.apple.product-type.application";
		};
/* End PBXNativeTarget section */

/* Begin PBXProject section */
		BE26D8BF1DCFD6CC004935D8 /* Project object */ = {
			isa = PBXProject;
			attributes = {
				LastSwiftUpdateCheck = 0920;
				LastUpgradeCheck = 0930;
				ORGANIZATIONNAME = "Silver Fox";
				TargetAttributes = {
					BE26D8C61DCFD6CC004935D8 = {
						CreatedOnToolsVersion = 8.1;
						DevelopmentTeam = 6G5LMQ72D8;
						ProvisioningStyle = Automatic;
						SystemCapabilities = {
							com.apple.Sandbox = {
								enabled = 1;
							};
							com.apple.iCloud = {
								enabled = 1;
							};
						};
					};
					BE58C1A71E16DA5B00BC73CA = {
						CreatedOnToolsVersion = 8.2.1;
						DevelopmentTeam = 6G5LMQ72D8;
						ProvisioningStyle = Automatic;
						SystemCapabilities = {
							com.apple.iCloud = {
								enabled = 1;
							};
						};
					};
				};
			};
			buildConfigurationList = BE26D8C21DCFD6CC004935D8 /* Build configuration list for PBXProject "Savanna" */;
			compatibilityVersion = "Xcode 3.2";
			developmentRegion = English;
			hasScannedForEncodings = 0;
			knownRegions = (
				en,
				Base,
			);
			mainGroup = BE26D8BE1DCFD6CC004935D8;
			productRefGroup = BE26D8C81DCFD6CC004935D8 /* Products */;
			projectDirPath = "";
			projectRoot = "";
			targets = (
				BE26D8C61DCFD6CC004935D8 /* Savanna macOS */,
				BE58C1A71E16DA5B00BC73CA /* Savanna iOS */,
			);
		};
/* End PBXProject section */

/* Begin PBXResourcesBuildPhase section */
		BE26D8C51DCFD6CC004935D8 /* Resources */ = {
			isa = PBXResourcesBuildPhase;
			buildActionMask = 2147483647;
			files = (
				BE99F6401F080F230076CDEF /* Assets.xcassets in Resources */,
				BE99F6461F080F230076CDEF /* logo-1024.png in Resources */,
				BE7767D320420A5E009E5B63 /* cub-file.icns in Resources */,
				BE99F6421F080F230076CDEF /* Main.storyboard in Resources */,
			);
			runOnlyForDeploymentPostprocessing = 0;
		};
		BE58C1A61E16DA5B00BC73CA /* Resources */ = {
			isa = PBXResourcesBuildPhase;
			buildActionMask = 2147483647;
			files = (
				BECE4108203A064E004889F0 /* cub-320.png in Resources */,
				BE99F6301F080F1A0076CDEF /* Main.storyboard in Resources */,
				BE3DDAEE203A0A9A00D5CB10 /* cub-64.png in Resources */,
				BE99F62E1F080F1A0076CDEF /* Assets.xcassets in Resources */,
				BE99F62F1F080F1A0076CDEF /* LaunchScreen.storyboard in Resources */,
			);
			runOnlyForDeploymentPostprocessing = 0;
		};
/* End PBXResourcesBuildPhase section */

/* Begin PBXShellScriptBuildPhase section */
		3D34D067BB5FB12232B3D2FA /* [CP] Check Pods Manifest.lock */ = {
			isa = PBXShellScriptBuildPhase;
			buildActionMask = 2147483647;
			files = (
			);
			inputPaths = (
				"${PODS_PODFILE_DIR_PATH}/Podfile.lock",
				"${PODS_ROOT}/Manifest.lock",
			);
			name = "[CP] Check Pods Manifest.lock";
			outputPaths = (
				"$(DERIVED_FILE_DIR)/Pods-Savanna iOS-checkManifestLockResult.txt",
			);
			runOnlyForDeploymentPostprocessing = 0;
			shellPath = /bin/sh;
			shellScript = "diff \"${PODS_PODFILE_DIR_PATH}/Podfile.lock\" \"${PODS_ROOT}/Manifest.lock\" > /dev/null\nif [ $? != 0 ] ; then\n    # print error to STDERR\n    echo \"error: The sandbox is not in sync with the Podfile.lock. Run 'pod install' or update your CocoaPods installation.\" >&2\n    exit 1\nfi\n# This output is used by Xcode 'outputs' to avoid re-running this script phase.\necho \"SUCCESS\" > \"${SCRIPT_OUTPUT_FILE_0}\"\n";
			showEnvVarsInLog = 0;
		};
		6AE593EAFB6DD15BBB54F9A9 /* [CP] Copy Pods Resources */ = {
			isa = PBXShellScriptBuildPhase;
			buildActionMask = 2147483647;
			files = (
			);
			inputPaths = (
			);
			name = "[CP] Copy Pods Resources";
			outputPaths = (
			);
			runOnlyForDeploymentPostprocessing = 0;
			shellPath = /bin/sh;
			shellScript = "\"${SRCROOT}/Pods/Target Support Files/Pods-Savanna macOS/Pods-Savanna macOS-resources.sh\"\n";
			showEnvVarsInLog = 0;
		};
		8D81FD93572F66094145EBA8 /* [CP] Embed Pods Frameworks */ = {
			isa = PBXShellScriptBuildPhase;
			buildActionMask = 2147483647;
			files = (
			);
			inputPaths = (
				"${SRCROOT}/Pods/Target Support Files/Pods-Savanna iOS/Pods-Savanna iOS-frameworks.sh",
				"${BUILT_PRODUCTS_DIR}/InputAssistant/InputAssistant.framework",
			);
			name = "[CP] Embed Pods Frameworks";
			outputPaths = (
				"${TARGET_BUILD_DIR}/${FRAMEWORKS_FOLDER_PATH}/InputAssistant.framework",
			);
			runOnlyForDeploymentPostprocessing = 0;
			shellPath = /bin/sh;
			shellScript = "\"${SRCROOT}/Pods/Target Support Files/Pods-Savanna iOS/Pods-Savanna iOS-frameworks.sh\"\n";
			showEnvVarsInLog = 0;
		};
		C506699857A4F49822A5A527 /* [CP] Embed Pods Frameworks */ = {
			isa = PBXShellScriptBuildPhase;
			buildActionMask = 2147483647;
			files = (
			);
			inputPaths = (
			);
			name = "[CP] Embed Pods Frameworks";
			outputPaths = (
			);
			runOnlyForDeploymentPostprocessing = 0;
			shellPath = /bin/sh;
			shellScript = "\"${SRCROOT}/Pods/Target Support Files/Pods-Savanna macOS/Pods-Savanna macOS-frameworks.sh\"\n";
			showEnvVarsInLog = 0;
		};
		C916AD0CC6AB2104AB3E28B4 /* [CP] Check Pods Manifest.lock */ = {
			isa = PBXShellScriptBuildPhase;
			buildActionMask = 2147483647;
			files = (
			);
			inputPaths = (
				"${PODS_PODFILE_DIR_PATH}/Podfile.lock",
				"${PODS_ROOT}/Manifest.lock",
			);
			name = "[CP] Check Pods Manifest.lock";
			outputPaths = (
				"$(DERIVED_FILE_DIR)/Pods-Savanna macOS-checkManifestLockResult.txt",
			);
			runOnlyForDeploymentPostprocessing = 0;
			shellPath = /bin/sh;
			shellScript = "diff \"${PODS_PODFILE_DIR_PATH}/Podfile.lock\" \"${PODS_ROOT}/Manifest.lock\" > /dev/null\nif [ $? != 0 ] ; then\n    # print error to STDERR\n    echo \"error: The sandbox is not in sync with the Podfile.lock. Run 'pod install' or update your CocoaPods installation.\" >&2\n    exit 1\nfi\n# This output is used by Xcode 'outputs' to avoid re-running this script phase.\necho \"SUCCESS\" > \"${SCRIPT_OUTPUT_FILE_0}\"\n";
			showEnvVarsInLog = 0;
		};
		DE9503E7E088B7AD22798625 /* [CP] Copy Pods Resources */ = {
			isa = PBXShellScriptBuildPhase;
			buildActionMask = 2147483647;
			files = (
			);
			inputPaths = (
			);
			name = "[CP] Copy Pods Resources";
			outputPaths = (
			);
			runOnlyForDeploymentPostprocessing = 0;
			shellPath = /bin/sh;
			shellScript = "\"${SRCROOT}/Pods/Target Support Files/Pods-Savanna iOS/Pods-Savanna iOS-resources.sh\"\n";
			showEnvVarsInLog = 0;
		};
/* End PBXShellScriptBuildPhase section */

/* Begin PBXSourcesBuildPhase section */
		BE26D8C31DCFD6CC004935D8 /* Sources */ = {
			isa = PBXSourcesBuildPhase;
			buildActionMask = 2147483647;
			files = (
				BE99F63F1F080F230076CDEF /* AppDelegate.swift in Sources */,
				BE7767D7204342DC009E5B63 /* MainWindowController.swift in Sources */,
				BED21A161F1C14200071869A /* ProgressToolbarItem.swift in Sources */,
				BE99F6411F080F230076CDEF /* ASTImageViewController.swift in Sources */,
				BE51FC4E20508351009AE5D9 /* Cub+SavannaKit.swift in Sources */,
				BE99F6471F080F230076CDEF /* ViewController.swift in Sources */,
				BE7767D5204342D1009E5B63 /* MainWindow.swift in Sources */,
				BE99F6431F080F230076CDEF /* Document.swift in Sources */,
			);
			runOnlyForDeploymentPostprocessing = 0;
		};
		BE58C1A41E16DA5B00BC73CA /* Sources */ = {
			isa = PBXSourcesBuildPhase;
			buildActionMask = 2147483647;
			files = (
				BE99F6321F080F1A0076CDEF /* DocumentViewController.swift in Sources */,
				BECE41062038DD58004889F0 /* UIColor+Named.swift in Sources */,
				BE42805A2038C78D00C8FE24 /* DocumentBrowserViewController.swift in Sources */,
				BE99F62D1F080F1A0076CDEF /* AppDelegate.swift in Sources */,
				BECE40F82038D45D004889F0 /* DocumentManager.swift in Sources */,
				BE51FC4C205082A0009AE5D9 /* Cub+SavannaKit.swift in Sources */,
				BECE40FC2038DBDB004889F0 /* UIViewController+Alerts.swift in Sources */,
				BE42805C2038C78D00C8FE24 /* Document.swift in Sources */,
				BE51FC4A20508204009AE5D9 /* DocumentViewController+AutoComplete.swift in Sources */,
			);
			runOnlyForDeploymentPostprocessing = 0;
		};
/* End PBXSourcesBuildPhase section */

/* Begin PBXVariantGroup section */
		BE99F6271F080F1A0076CDEF /* LaunchScreen.storyboard */ = {
			isa = PBXVariantGroup;
			children = (
				BE99F6281F080F1A0076CDEF /* Base */,
			);
			name = LaunchScreen.storyboard;
			sourceTree = "<group>";
		};
		BE99F6291F080F1A0076CDEF /* Main.storyboard */ = {
			isa = PBXVariantGroup;
			children = (
				BE99F62A1F080F1A0076CDEF /* Base */,
			);
			name = Main.storyboard;
			sourceTree = "<group>";
		};
		BE99F6371F080F230076CDEF /* Main.storyboard */ = {
			isa = PBXVariantGroup;
			children = (
				BE99F6381F080F230076CDEF /* Base */,
			);
			name = Main.storyboard;
			sourceTree = "<group>";
		};
/* End PBXVariantGroup section */

/* Begin XCBuildConfiguration section */
		BE26D8D61DCFD6CC004935D8 /* Debug */ = {
			isa = XCBuildConfiguration;
			buildSettings = {
				ALWAYS_SEARCH_USER_PATHS = NO;
				CLANG_ANALYZER_NONNULL = YES;
				CLANG_CXX_LANGUAGE_STANDARD = "gnu++0x";
				CLANG_CXX_LIBRARY = "libc++";
				CLANG_ENABLE_MODULES = YES;
				CLANG_ENABLE_OBJC_ARC = YES;
				CLANG_WARN_BLOCK_CAPTURE_AUTORELEASING = YES;
				CLANG_WARN_BOOL_CONVERSION = YES;
				CLANG_WARN_COMMA = YES;
				CLANG_WARN_CONSTANT_CONVERSION = YES;
				CLANG_WARN_DEPRECATED_OBJC_IMPLEMENTATIONS = YES;
				CLANG_WARN_DIRECT_OBJC_ISA_USAGE = YES_ERROR;
				CLANG_WARN_DOCUMENTATION_COMMENTS = YES;
				CLANG_WARN_EMPTY_BODY = YES;
				CLANG_WARN_ENUM_CONVERSION = YES;
				CLANG_WARN_INFINITE_RECURSION = YES;
				CLANG_WARN_INT_CONVERSION = YES;
				CLANG_WARN_NON_LITERAL_NULL_CONVERSION = YES;
				CLANG_WARN_OBJC_IMPLICIT_RETAIN_SELF = YES;
				CLANG_WARN_OBJC_LITERAL_CONVERSION = YES;
				CLANG_WARN_OBJC_ROOT_CLASS = YES_ERROR;
				CLANG_WARN_RANGE_LOOP_ANALYSIS = YES;
				CLANG_WARN_STRICT_PROTOTYPES = YES;
				CLANG_WARN_SUSPICIOUS_MOVE = YES;
				CLANG_WARN_SUSPICIOUS_MOVES = YES;
				CLANG_WARN_UNREACHABLE_CODE = YES;
				CLANG_WARN__DUPLICATE_METHOD_MATCH = YES;
				CODE_SIGN_IDENTITY = "-";
				COPY_PHASE_STRIP = NO;
				DEBUG_INFORMATION_FORMAT = dwarf;
				ENABLE_STRICT_OBJC_MSGSEND = YES;
				ENABLE_TESTABILITY = YES;
				GCC_C_LANGUAGE_STANDARD = gnu99;
				GCC_DYNAMIC_NO_PIC = NO;
				GCC_NO_COMMON_BLOCKS = YES;
				GCC_OPTIMIZATION_LEVEL = 0;
				GCC_PREPROCESSOR_DEFINITIONS = (
					"DEBUG=1",
					"$(inherited)",
				);
				GCC_WARN_64_TO_32_BIT_CONVERSION = YES;
				GCC_WARN_ABOUT_RETURN_TYPE = YES_ERROR;
				GCC_WARN_UNDECLARED_SELECTOR = YES;
				GCC_WARN_UNINITIALIZED_AUTOS = YES_AGGRESSIVE;
				GCC_WARN_UNUSED_FUNCTION = YES;
				GCC_WARN_UNUSED_VARIABLE = YES;
				LIBRARY_SEARCH_PATHS = "";
				MACOSX_DEPLOYMENT_TARGET = 10.12;
				MTL_ENABLE_DEBUG_INFO = YES;
				ONLY_ACTIVE_ARCH = YES;
				SDKROOT = macosx;
				SWIFT_ACTIVE_COMPILATION_CONDITIONS = DEBUG;
				SWIFT_OPTIMIZATION_LEVEL = "-Onone";
			};
			name = Debug;
		};
		BE26D8D71DCFD6CC004935D8 /* Release */ = {
			isa = XCBuildConfiguration;
			buildSettings = {
				ALWAYS_SEARCH_USER_PATHS = NO;
				CLANG_ANALYZER_NONNULL = YES;
				CLANG_CXX_LANGUAGE_STANDARD = "gnu++0x";
				CLANG_CXX_LIBRARY = "libc++";
				CLANG_ENABLE_MODULES = YES;
				CLANG_ENABLE_OBJC_ARC = YES;
				CLANG_WARN_BLOCK_CAPTURE_AUTORELEASING = YES;
				CLANG_WARN_BOOL_CONVERSION = YES;
				CLANG_WARN_COMMA = YES;
				CLANG_WARN_CONSTANT_CONVERSION = YES;
				CLANG_WARN_DEPRECATED_OBJC_IMPLEMENTATIONS = YES;
				CLANG_WARN_DIRECT_OBJC_ISA_USAGE = YES_ERROR;
				CLANG_WARN_DOCUMENTATION_COMMENTS = YES;
				CLANG_WARN_EMPTY_BODY = YES;
				CLANG_WARN_ENUM_CONVERSION = YES;
				CLANG_WARN_INFINITE_RECURSION = YES;
				CLANG_WARN_INT_CONVERSION = YES;
				CLANG_WARN_NON_LITERAL_NULL_CONVERSION = YES;
				CLANG_WARN_OBJC_IMPLICIT_RETAIN_SELF = YES;
				CLANG_WARN_OBJC_LITERAL_CONVERSION = YES;
				CLANG_WARN_OBJC_ROOT_CLASS = YES_ERROR;
				CLANG_WARN_RANGE_LOOP_ANALYSIS = YES;
				CLANG_WARN_STRICT_PROTOTYPES = YES;
				CLANG_WARN_SUSPICIOUS_MOVE = YES;
				CLANG_WARN_SUSPICIOUS_MOVES = YES;
				CLANG_WARN_UNREACHABLE_CODE = YES;
				CLANG_WARN__DUPLICATE_METHOD_MATCH = YES;
				CODE_SIGN_IDENTITY = "-";
				COPY_PHASE_STRIP = NO;
				DEBUG_INFORMATION_FORMAT = "dwarf-with-dsym";
				ENABLE_NS_ASSERTIONS = NO;
				ENABLE_STRICT_OBJC_MSGSEND = YES;
				GCC_C_LANGUAGE_STANDARD = gnu99;
				GCC_NO_COMMON_BLOCKS = YES;
				GCC_WARN_64_TO_32_BIT_CONVERSION = YES;
				GCC_WARN_ABOUT_RETURN_TYPE = YES_ERROR;
				GCC_WARN_UNDECLARED_SELECTOR = YES;
				GCC_WARN_UNINITIALIZED_AUTOS = YES_AGGRESSIVE;
				GCC_WARN_UNUSED_FUNCTION = YES;
				GCC_WARN_UNUSED_VARIABLE = YES;
				LIBRARY_SEARCH_PATHS = "";
				MACOSX_DEPLOYMENT_TARGET = 10.12;
				MTL_ENABLE_DEBUG_INFO = NO;
				SDKROOT = macosx;
				SWIFT_OPTIMIZATION_LEVEL = "-Owholemodule";
			};
			name = Release;
		};
		BE26D8D91DCFD6CC004935D8 /* Debug */ = {
			isa = XCBuildConfiguration;
			baseConfigurationReference = 7F683788DB7A74172DACF47E /* Pods-Savanna macOS.debug.xcconfig */;
			buildSettings = {
				ASSETCATALOG_COMPILER_APPICON_NAME = AppIcon;
				CODE_SIGN_ENTITLEMENTS = "Savanna macOS/Savanna.entitlements";
				CODE_SIGN_IDENTITY = "Mac Developer";
				COMBINE_HIDPI_IMAGES = YES;
				DEVELOPMENT_TEAM = 6G5LMQ72D8;
				INFOPLIST_FILE = "$(SRCROOT)/Savanna macOS/Info.plist";
				LD_RUNPATH_SEARCH_PATHS = "$(inherited) @executable_path/../Frameworks";
				MACOSX_DEPLOYMENT_TARGET = 10.13;
				PRODUCT_BUNDLE_IDENTIFIER = "be.silverfox.savanna-mac";
				PRODUCT_NAME = Savanna;
				PROVISIONING_PROFILE_SPECIFIER = "";
				SWIFT_VERSION = 4.0;
			};
			name = Debug;
		};
		BE26D8DA1DCFD6CC004935D8 /* Release */ = {
			isa = XCBuildConfiguration;
			baseConfigurationReference = A1EC99A5848A842B89427CB0 /* Pods-Savanna macOS.release.xcconfig */;
			buildSettings = {
				ASSETCATALOG_COMPILER_APPICON_NAME = AppIcon;
				CODE_SIGN_ENTITLEMENTS = "Savanna macOS/Savanna.entitlements";
				CODE_SIGN_IDENTITY = "Mac Developer";
				COMBINE_HIDPI_IMAGES = YES;
				DEVELOPMENT_TEAM = 6G5LMQ72D8;
				INFOPLIST_FILE = "$(SRCROOT)/Savanna macOS/Info.plist";
				LD_RUNPATH_SEARCH_PATHS = "$(inherited) @executable_path/../Frameworks";
				MACOSX_DEPLOYMENT_TARGET = 10.13;
				PRODUCT_BUNDLE_IDENTIFIER = "be.silverfox.savanna-mac";
				PRODUCT_NAME = Savanna;
				PROVISIONING_PROFILE_SPECIFIER = "";
				SWIFT_VERSION = 4.0;
			};
			name = Release;
		};
		BE58C1B71E16DA5B00BC73CA /* Debug */ = {
			isa = XCBuildConfiguration;
			baseConfigurationReference = 4762524460F08E4B9405DF15 /* Pods-Savanna iOS.debug.xcconfig */;
			buildSettings = {
				ASSETCATALOG_COMPILER_APPICON_NAME = AppIcon;
				CLANG_WARN_SUSPICIOUS_MOVE = YES;
				CODE_SIGN_ENTITLEMENTS = "Savanna iOS/Savanna.entitlements";
				"CODE_SIGN_IDENTITY[sdk=iphoneos*]" = "iPhone Developer";
				CODE_SIGN_STYLE = Automatic;
				DEVELOPMENT_TEAM = 6G5LMQ72D8;
				FRAMEWORK_SEARCH_PATHS = (
					"$(inherited)",
					"$(PROJECT_DIR)/Savanna\\ iOS",
					"$(SRCROOT)",
					"$(PROJECT_DIR)Kit/build/Debug-iphoneos",
				);
				INFOPLIST_FILE = "$(SRCROOT)/Savanna iOS/Info.plist";
				IPHONEOS_DEPLOYMENT_TARGET = 11.0;
				LD_RUNPATH_SEARCH_PATHS = "$(inherited) @executable_path/Frameworks";
				LIBRARY_SEARCH_PATHS = "";
				PRODUCT_BUNDLE_IDENTIFIER = "be.silverfox.savanna-ios";
				PRODUCT_NAME = Savanna;
				PROVISIONING_PROFILE_SPECIFIER = "";
				SDKROOT = iphoneos;
				SWIFT_VERSION = 4.0;
				TARGETED_DEVICE_FAMILY = "1,2";
			};
			name = Debug;
		};
		BE58C1B81E16DA5B00BC73CA /* Release */ = {
			isa = XCBuildConfiguration;
			baseConfigurationReference = 6E6EBB6E95B17202FFF19FF4 /* Pods-Savanna iOS.release.xcconfig */;
			buildSettings = {
				ASSETCATALOG_COMPILER_APPICON_NAME = AppIcon;
				CLANG_WARN_SUSPICIOUS_MOVE = YES;
				CODE_SIGN_ENTITLEMENTS = "Savanna iOS/Savanna.entitlements";
				"CODE_SIGN_IDENTITY[sdk=iphoneos*]" = "iPhone Developer";
				CODE_SIGN_STYLE = Automatic;
				DEVELOPMENT_TEAM = 6G5LMQ72D8;
				FRAMEWORK_SEARCH_PATHS = (
					"$(inherited)",
					"$(PROJECT_DIR)/Savanna\\ iOS",
					"$(SRCROOT)",
					"$(PROJECT_DIR)Kit/build/Debug-iphoneos",
				);
				INFOPLIST_FILE = "$(SRCROOT)/Savanna iOS/Info.plist";
				IPHONEOS_DEPLOYMENT_TARGET = 11.0;
				LD_RUNPATH_SEARCH_PATHS = "$(inherited) @executable_path/Frameworks";
				LIBRARY_SEARCH_PATHS = "";
				PRODUCT_BUNDLE_IDENTIFIER = "be.silverfox.savanna-ios";
				PRODUCT_NAME = Savanna;
				PROVISIONING_PROFILE_SPECIFIER = "";
				SDKROOT = iphoneos;
				SWIFT_VERSION = 4.0;
				TARGETED_DEVICE_FAMILY = "1,2";
				VALIDATE_PRODUCT = YES;
			};
			name = Release;
		};
/* End XCBuildConfiguration section */

/* Begin XCConfigurationList section */
		BE26D8C21DCFD6CC004935D8 /* Build configuration list for PBXProject "Savanna" */ = {
			isa = XCConfigurationList;
			buildConfigurations = (
				BE26D8D61DCFD6CC004935D8 /* Debug */,
				BE26D8D71DCFD6CC004935D8 /* Release */,
			);
			defaultConfigurationIsVisible = 0;
			defaultConfigurationName = Release;
		};
		BE26D8D81DCFD6CC004935D8 /* Build configuration list for PBXNativeTarget "Savanna macOS" */ = {
			isa = XCConfigurationList;
			buildConfigurations = (
				BE26D8D91DCFD6CC004935D8 /* Debug */,
				BE26D8DA1DCFD6CC004935D8 /* Release */,
			);
			defaultConfigurationIsVisible = 0;
			defaultConfigurationName = Release;
		};
		BE58C1B91E16DA5B00BC73CA /* Build configuration list for PBXNativeTarget "Savanna iOS" */ = {
			isa = XCConfigurationList;
			buildConfigurations = (
				BE58C1B71E16DA5B00BC73CA /* Debug */,
				BE58C1B81E16DA5B00BC73CA /* Release */,
			);
			defaultConfigurationIsVisible = 0;
			defaultConfigurationName = Release;
		};
/* End XCConfigurationList section */
	};
	rootObject = BE26D8BF1DCFD6CC004935D8 /* Project object */;
}
